
Microsoft Visual Studio Solution File, Format Version 12.00
# Visual Studio 2017
Project("{FAE04EC0-301F-11D3-BF4B-00C04F79EFBC}") = "VREscapeRoom", "VREscapeRoom.csproj", "{BCB5DC9E-0DB6-BBB9-2E7D-D41DBD4727A0}"
EndProject
Project("{FAE04EC0-301F-11D3-BF4B-00C04F79EFBC}") = "VREscapeRoom.Editor", "VREscapeRoom.Editor.csproj", "{DFDA7E23-9573-4BE5-FBF8-52E30EE5C5E4}"
EndProject
Global
	GlobalSection(SolutionConfigurationPlatforms) = preSolution
		Debug|Any CPU = Debug|Any CPU
		Release|Any CPU = Release|Any CPU
	EndGlobalSection
	GlobalSection(ProjectConfigurationPlatforms) = postSolution
		{BCB5DC9E-0DB6-BBB9-2E7D-D41DBD4727A0}.Debug|Any CPU.ActiveCfg = Debug|Any CPU
		{BCB5DC9E-0DB6-BBB9-2E7D-D41DBD4727A0}.Debug|Any CPU.Build.0 = Debug|Any CPU
		{BCB5DC9E-0DB6-BBB9-2E7D-D41DBD4727A0}.Release|Any CPU.ActiveCfg = Release|Any CPU
		{BCB5DC9E-0DB6-BBB9-2E7D-D41DBD4727A0}.Release|Any CPU.Build.0 = Release|Any CPU
		{DFDA7E23-9573-4BE5-FBF8-52E30EE5C5E4}.Debug|Any CPU.ActiveCfg = Debug|Any CPU
		{DFDA7E23-9573-4BE5-FBF8-52E30EE5C5E4}.Debug|Any CPU.Build.0 = Debug|Any CPU
		{DFDA7E23-9573-4BE5-FBF8-52E30EE5C5E4}.Release|Any CPU.ActiveCfg = Release|Any CPU
		{DFDA7E23-9573-4BE5-FBF8-52E30EE5C5E4}.Release|Any CPU.Build.0 = Release|Any CPU
	EndGlobalSection
	GlobalSection(SolutionProperties) = preSolution
		HideSolutionNode = FALSE
	EndGlobalSection
EndGlobal
